// !$*UTF8*$!
{
	archiveVersion = 1;
	classes = {
	};
	objectVersion = 46;
	objects = {

/* Begin PBXBuildFile section */
		6C78D419192D5F82000E1C8C /* HudView.m in Sources */ = {isa = PBXBuildFile; fileRef = 6C78D418192D5F82000E1C8C /* HudView.m */; };
		6C78D41B192EC58F000E1C8C /* CoreData.framework in Frameworks */ = {isa = PBXBuildFile; fileRef = 6C78D41A192EC58F000E1C8C /* CoreData.framework */; };
		6C78D41E192EC5C3000E1C8C /* DataModel.xcdatamodeld in Sources */ = {isa = PBXBuildFile; fileRef = 6C78D41C192EC5C3000E1C8C /* DataModel.xcdatamodeld */; };
		6C78D421192ECA43000E1C8C /* Location.m in Sources */ = {isa = PBXBuildFile; fileRef = 6C78D420192ECA43000E1C8C /* Location.m */; };
		6C88ACAF192156A900D5B7F0 /* LocationDetailsViewController.m in Sources */ = {isa = PBXBuildFile; fileRef = 6C88ACAE192156A900D5B7F0 /* LocationDetailsViewController.m */; };
		6C88ACB21922EEA700D5B7F0 /* CategoryPickerViewController.m in Sources */ = {isa = PBXBuildFile; fileRef = 6C88ACB11922EEA700D5B7F0 /* CategoryPickerViewController.m */; };
		6CA309FD191D9CE40043C59C /* Foundation.framework in Frameworks */ = {isa = PBXBuildFile; fileRef = 6CA309FC191D9CE40043C59C /* Foundation.framework */; };
		6CA309FF191D9CE40043C59C /* CoreGraphics.framework in Frameworks */ = {isa = PBXBuildFile; fileRef = 6CA309FE191D9CE40043C59C /* CoreGraphics.framework */; };
		6CA30A01191D9CE40043C59C /* UIKit.framework in Frameworks */ = {isa = PBXBuildFile; fileRef = 6CA30A00191D9CE40043C59C /* UIKit.framework */; };
		6CA30A07191D9CE40043C59C /* InfoPlist.strings in Resources */ = {isa = PBXBuildFile; fileRef = 6CA30A05191D9CE40043C59C /* InfoPlist.strings */; };
		6CA30A09191D9CE40043C59C /* main.m in Sources */ = {isa = PBXBuildFile; fileRef = 6CA30A08191D9CE40043C59C /* main.m */; };
		6CA30A0D191D9CE40043C59C /* AppDelegate.m in Sources */ = {isa = PBXBuildFile; fileRef = 6CA30A0C191D9CE40043C59C /* AppDelegate.m */; };
		6CA30A10191D9CE40043C59C /* Main.storyboard in Resources */ = {isa = PBXBuildFile; fileRef = 6CA30A0E191D9CE40043C59C /* Main.storyboard */; };
		6CA30A13191D9CE40043C59C /* CurrentLocationViewController.m in Sources */ = {isa = PBXBuildFile; fileRef = 6CA30A12191D9CE40043C59C /* CurrentLocationViewController.m */; };
		6CA30A16191D9CE40043C59C /* SecondViewController.m in Sources */ = {isa = PBXBuildFile; fileRef = 6CA30A15191D9CE40043C59C /* SecondViewController.m */; };
		6CA30A18191D9CE50043C59C /* Images.xcassets in Resources */ = {isa = PBXBuildFile; fileRef = 6CA30A17191D9CE50043C59C /* Images.xcassets */; };
		6CA30A1F191D9CE50043C59C /* XCTest.framework in Frameworks */ = {isa = PBXBuildFile; fileRef = 6CA30A1E191D9CE50043C59C /* XCTest.framework */; };
		6CA30A20191D9CE50043C59C /* Foundation.framework in Frameworks */ = {isa = PBXBuildFile; fileRef = 6CA309FC191D9CE40043C59C /* Foundation.framework */; };
		6CA30A21191D9CE50043C59C /* UIKit.framework in Frameworks */ = {isa = PBXBuildFile; fileRef = 6CA30A00191D9CE40043C59C /* UIKit.framework */; };
		6CA30A29191D9CE50043C59C /* InfoPlist.strings in Resources */ = {isa = PBXBuildFile; fileRef = 6CA30A27191D9CE50043C59C /* InfoPlist.strings */; };
		6CA30A2B191D9CE50043C59C /* MyLocationsTests.m in Sources */ = {isa = PBXBuildFile; fileRef = 6CA30A2A191D9CE50043C59C /* MyLocationsTests.m */; };
		6CA30A35191DA6320043C59C /* CoreLocation.framework in Frameworks */ = {isa = PBXBuildFile; fileRef = 6CA30A34191DA6320043C59C /* CoreLocation.framework */; };
/* End PBXBuildFile section */

/* Begin PBXContainerItemProxy section */
		6CA30A22191D9CE50043C59C /* PBXContainerItemProxy */ = {
			isa = PBXContainerItemProxy;
			containerPortal = 6CA309F1191D9CE40043C59C /* Project object */;
			proxyType = 1;
			remoteGlobalIDString = 6CA309F8191D9CE40043C59C;
			remoteInfo = MyLocations;
		};
/* End PBXContainerItemProxy section */

/* Begin PBXFileReference section */
		6C78D417192D5F82000E1C8C /* HudView.h */ = {isa = PBXFileReference; fileEncoding = 4; lastKnownFileType = sourcecode.c.h; path = HudView.h; sourceTree = "<group>"; };
		6C78D418192D5F82000E1C8C /* HudView.m */ = {isa = PBXFileReference; fileEncoding = 4; lastKnownFileType = sourcecode.c.objc; path = HudView.m; sourceTree = "<group>"; };
		6C78D41A192EC58F000E1C8C /* CoreData.framework */ = {isa = PBXFileReference; lastKnownFileType = wrapper.framework; name = CoreData.framework; path = System/Library/Frameworks/CoreData.framework; sourceTree = SDKROOT; };
		6C78D41D192EC5C3000E1C8C /* DataModel.xcdatamodel */ = {isa = PBXFileReference; lastKnownFileType = wrapper.xcdatamodel; path = DataModel.xcdatamodel; sourceTree = "<group>"; };
		6C78D41F192ECA43000E1C8C /* Location.h */ = {isa = PBXFileReference; fileEncoding = 4; lastKnownFileType = sourcecode.c.h; path = Location.h; sourceTree = "<group>"; };
		6C78D420192ECA43000E1C8C /* Location.m */ = {isa = PBXFileReference; fileEncoding = 4; lastKnownFileType = sourcecode.c.objc; path = Location.m; sourceTree = "<group>"; };
		6C88ACAD192156A900D5B7F0 /* LocationDetailsViewController.h */ = {isa = PBXFileReference; fileEncoding = 4; lastKnownFileType = sourcecode.c.h; path = LocationDetailsViewController.h; sourceTree = "<group>"; };
		6C88ACAE192156A900D5B7F0 /* LocationDetailsViewController.m */ = {isa = PBXFileReference; fileEncoding = 4; lastKnownFileType = sourcecode.c.objc; path = LocationDetailsViewController.m; sourceTree = "<group>"; };
		6C88ACB01922EEA700D5B7F0 /* CategoryPickerViewController.h */ = {isa = PBXFileReference; fileEncoding = 4; lastKnownFileType = sourcecode.c.h; path = CategoryPickerViewController.h; sourceTree = "<group>"; };
		6C88ACB11922EEA700D5B7F0 /* CategoryPickerViewController.m */ = {isa = PBXFileReference; fileEncoding = 4; lastKnownFileType = sourcecode.c.objc; path = CategoryPickerViewController.m; sourceTree = "<group>"; };
		6CA309F9191D9CE40043C59C /* MyLocations.app */ = {isa = PBXFileReference; explicitFileType = wrapper.application; includeInIndex = 0; path = MyLocations.app; sourceTree = BUILT_PRODUCTS_DIR; };
		6CA309FC191D9CE40043C59C /* Foundation.framework */ = {isa = PBXFileReference; lastKnownFileType = wrapper.framework; name = Foundation.framework; path = System/Library/Frameworks/Foundation.framework; sourceTree = SDKROOT; };
		6CA309FE191D9CE40043C59C /* CoreGraphics.framework */ = {isa = PBXFileReference; lastKnownFileType = wrapper.framework; name = CoreGraphics.framework; path = System/Library/Frameworks/CoreGraphics.framework; sourceTree = SDKROOT; };
		6CA30A00191D9CE40043C59C /* UIKit.framework */ = {isa = PBXFileReference; lastKnownFileType = wrapper.framework; name = UIKit.framework; path = System/Library/Frameworks/UIKit.framework; sourceTree = SDKROOT; };
		6CA30A04191D9CE40043C59C /* MyLocations-Info.plist */ = {isa = PBXFileReference; lastKnownFileType = text.plist.xml; path = "MyLocations-Info.plist"; sourceTree = "<group>"; };
		6CA30A06191D9CE40043C59C /* en */ = {isa = PBXFileReference; lastKnownFileType = text.plist.strings; name = en; path = en.lproj/InfoPlist.strings; sourceTree = "<group>"; };
		6CA30A08191D9CE40043C59C /* main.m */ = {isa = PBXFileReference; lastKnownFileType = sourcecode.c.objc; path = main.m; sourceTree = "<group>"; };
		6CA30A0A191D9CE40043C59C /* MyLocations-Prefix.pch */ = {isa = PBXFileReference; lastKnownFileType = sourcecode.c.h; path = "MyLocations-Prefix.pch"; sourceTree = "<group>"; };
		6CA30A0B191D9CE40043C59C /* AppDelegate.h */ = {isa = PBXFileReference; lastKnownFileType = sourcecode.c.h; path = AppDelegate.h; sourceTree = "<group>"; };
		6CA30A0C191D9CE40043C59C /* AppDelegate.m */ = {isa = PBXFileReference; lastKnownFileType = sourcecode.c.objc; path = AppDelegate.m; sourceTree = "<group>"; };
		6CA30A0F191D9CE40043C59C /* Base */ = {isa = PBXFileReference; lastKnownFileType = file.storyboard; name = Base; path = Base.lproj/Main.storyboard; sourceTree = "<group>"; };
		6CA30A11191D9CE40043C59C /* CurrentLocationViewController.h */ = {isa = PBXFileReference; lastKnownFileType = sourcecode.c.h; path = CurrentLocationViewController.h; sourceTree = "<group>"; };
		6CA30A12191D9CE40043C59C /* CurrentLocationViewController.m */ = {isa = PBXFileReference; lastKnownFileType = sourcecode.c.objc; path = CurrentLocationViewController.m; sourceTree = "<group>"; };
		6CA30A14191D9CE40043C59C /* SecondViewController.h */ = {isa = PBXFileReference; lastKnownFileType = sourcecode.c.h; path = SecondViewController.h; sourceTree = "<group>"; };
		6CA30A15191D9CE40043C59C /* SecondViewController.m */ = {isa = PBXFileReference; lastKnownFileType = sourcecode.c.objc; path = SecondViewController.m; sourceTree = "<group>"; };
		6CA30A17191D9CE50043C59C /* Images.xcassets */ = {isa = PBXFileReference; lastKnownFileType = folder.assetcatalog; path = Images.xcassets; sourceTree = "<group>"; };
		6CA30A1D191D9CE50043C59C /* MyLocationsTests.xctest */ = {isa = PBXFileReference; explicitFileType = wrapper.cfbundle; includeInIndex = 0; path = MyLocationsTests.xctest; sourceTree = BUILT_PRODUCTS_DIR; };
		6CA30A1E191D9CE50043C59C /* XCTest.framework */ = {isa = PBXFileReference; lastKnownFileType = wrapper.framework; name = XCTest.framework; path = Library/Frameworks/XCTest.framework; sourceTree = DEVELOPER_DIR; };
		6CA30A26191D9CE50043C59C /* MyLocationsTests-Info.plist */ = {isa = PBXFileReference; lastKnownFileType = text.plist.xml; path = "MyLocationsTests-Info.plist"; sourceTree = "<group>"; };
		6CA30A28191D9CE50043C59C /* en */ = {isa = PBXFileReference; lastKnownFileType = text.plist.strings; name = en; path = en.lproj/InfoPlist.strings; sourceTree = "<group>"; };
		6CA30A2A191D9CE50043C59C /* MyLocationsTests.m */ = {isa = PBXFileReference; lastKnownFileType = sourcecode.c.objc; path = MyLocationsTests.m; sourceTree = "<group>"; };
		6CA30A34191DA6320043C59C /* CoreLocation.framework */ = {isa = PBXFileReference; lastKnownFileType = wrapper.framework; name = CoreLocation.framework; path = System/Library/Frameworks/CoreLocation.framework; sourceTree = SDKROOT; };
/* End PBXFileReference section */

/* Begin PBXFrameworksBuildPhase section */
		6CA309F6191D9CE40043C59C /* Frameworks */ = {
			isa = PBXFrameworksBuildPhase;
			buildActionMask = 2147483647;
			files = (
				6C78D41B192EC58F000E1C8C /* CoreData.framework in Frameworks */,
				6CA30A35191DA6320043C59C /* CoreLocation.framework in Frameworks */,
				6CA309FF191D9CE40043C59C /* CoreGraphics.framework in Frameworks */,
				6CA30A01191D9CE40043C59C /* UIKit.framework in Frameworks */,
				6CA309FD191D9CE40043C59C /* Foundation.framework in Frameworks */,
			);
			runOnlyForDeploymentPostprocessing = 0;
		};
		6CA30A1A191D9CE50043C59C /* Frameworks */ = {
			isa = PBXFrameworksBuildPhase;
			buildActionMask = 2147483647;
			files = (
				6CA30A1F191D9CE50043C59C /* XCTest.framework in Frameworks */,
				6CA30A21191D9CE50043C59C /* UIKit.framework in Frameworks */,
				6CA30A20191D9CE50043C59C /* Foundation.framework in Frameworks */,
			);
			runOnlyForDeploymentPostprocessing = 0;
		};
/* End PBXFrameworksBuildPhase section */

/* Begin PBXGroup section */
		6CA309F0191D9CE40043C59C = {
			isa = PBXGroup;
			children = (
				6CA30A02191D9CE40043C59C /* MyLocations */,
				6CA30A24191D9CE50043C59C /* MyLocationsTests */,
				6CA309FB191D9CE40043C59C /* Frameworks */,
				6CA309FA191D9CE40043C59C /* Products */,
			);
			sourceTree = "<group>";
		};
		6CA309FA191D9CE40043C59C /* Products */ = {
			isa = PBXGroup;
			children = (
				6CA309F9191D9CE40043C59C /* MyLocations.app */,
				6CA30A1D191D9CE50043C59C /* MyLocationsTests.xctest */,
			);
			name = Products;
			sourceTree = "<group>";
		};
		6CA309FB191D9CE40043C59C /* Frameworks */ = {
			isa = PBXGroup;
			children = (
				6C78D41A192EC58F000E1C8C /* CoreData.framework */,
				6CA30A34191DA6320043C59C /* CoreLocation.framework */,
				6CA309FC191D9CE40043C59C /* Foundation.framework */,
				6CA309FE191D9CE40043C59C /* CoreGraphics.framework */,
				6CA30A00191D9CE40043C59C /* UIKit.framework */,
				6CA30A1E191D9CE50043C59C /* XCTest.framework */,
			);
			name = Frameworks;
			sourceTree = "<group>";
		};
		6CA30A02191D9CE40043C59C /* MyLocations */ = {
			isa = PBXGroup;
			children = (
				6CA30A0B191D9CE40043C59C /* AppDelegate.h */,
				6CA30A0C191D9CE40043C59C /* AppDelegate.m */,
				6CA30A11191D9CE40043C59C /* CurrentLocationViewController.h */,
				6CA30A12191D9CE40043C59C /* CurrentLocationViewController.m */,
				6CA30A17191D9CE50043C59C /* Images.xcassets */,
				6CA30A0E191D9CE40043C59C /* Main.storyboard */,
				6C78D41C192EC5C3000E1C8C /* DataModel.xcdatamodeld */,
				6C78D41F192ECA43000E1C8C /* Location.h */,
				6C78D420192ECA43000E1C8C /* Location.m */,
				6C88ACAD192156A900D5B7F0 /* LocationDetailsViewController.h */,
				6C88ACAE192156A900D5B7F0 /* LocationDetailsViewController.m */,
				6C78D417192D5F82000E1C8C /* HudView.h */,
				6C78D418192D5F82000E1C8C /* HudView.m */,
				6C88ACB01922EEA700D5B7F0 /* CategoryPickerViewController.h */,
				6C88ACB11922EEA700D5B7F0 /* CategoryPickerViewController.m */,
				6CA30A14191D9CE40043C59C /* SecondViewController.h */,
				6CA30A15191D9CE40043C59C /* SecondViewController.m */,
				6CA30A03191D9CE40043C59C /* Supporting Files */,
			);
			path = MyLocations;
			sourceTree = "<group>";
		};
		6CA30A03191D9CE40043C59C /* Supporting Files */ = {
			isa = PBXGroup;
			children = (
				6CA30A04191D9CE40043C59C /* MyLocations-Info.plist */,
				6CA30A05191D9CE40043C59C /* InfoPlist.strings */,
				6CA30A08191D9CE40043C59C /* main.m */,
				6CA30A0A191D9CE40043C59C /* MyLocations-Prefix.pch */,
			);
			name = "Supporting Files";
			sourceTree = "<group>";
		};
		6CA30A24191D9CE50043C59C /* MyLocationsTests */ = {
			isa = PBXGroup;
			children = (
				6CA30A2A191D9CE50043C59C /* MyLocationsTests.m */,
				6CA30A25191D9CE50043C59C /* Supporting Files */,
			);
			path = MyLocationsTests;
			sourceTree = "<group>";
		};
		6CA30A25191D9CE50043C59C /* Supporting Files */ = {
			isa = PBXGroup;
			children = (
				6CA30A26191D9CE50043C59C /* MyLocationsTests-Info.plist */,
				6CA30A27191D9CE50043C59C /* InfoPlist.strings */,
			);
			name = "Supporting Files";
			sourceTree = "<group>";
		};
/* End PBXGroup section */

/* Begin PBXNativeTarget section */
		6CA309F8191D9CE40043C59C /* MyLocations */ = {
			isa = PBXNativeTarget;
			buildConfigurationList = 6CA30A2E191D9CE50043C59C /* Build configuration list for PBXNativeTarget "MyLocations" */;
			buildPhases = (
				6CA309F5191D9CE40043C59C /* Sources */,
				6CA309F6191D9CE40043C59C /* Frameworks */,
				6CA309F7191D9CE40043C59C /* Resources */,
			);
			buildRules = (
			);
			dependencies = (
			);
			name = MyLocations;
			productName = MyLocations;
			productReference = 6CA309F9191D9CE40043C59C /* MyLocations.app */;
			productType = "com.apple.product-type.application";
		};
		6CA30A1C191D9CE50043C59C /* MyLocationsTests */ = {
			isa = PBXNativeTarget;
			buildConfigurationList = 6CA30A31191D9CE50043C59C /* Build configuration list for PBXNativeTarget "MyLocationsTests" */;
			buildPhases = (
				6CA30A19191D9CE50043C59C /* Sources */,
				6CA30A1A191D9CE50043C59C /* Frameworks */,
				6CA30A1B191D9CE50043C59C /* Resources */,
			);
			buildRules = (
			);
			dependencies = (
				6CA30A23191D9CE50043C59C /* PBXTargetDependency */,
			);
			name = MyLocationsTests;
			productName = MyLocationsTests;
			productReference = 6CA30A1D191D9CE50043C59C /* MyLocationsTests.xctest */;
			productType = "com.apple.product-type.bundle.unit-test";
		};
/* End PBXNativeTarget section */

/* Begin PBXProject section */
		6CA309F1191D9CE40043C59C /* Project object */ = {
			isa = PBXProject;
			attributes = {
				LastUpgradeCheck = 0510;
				ORGANIZATIONNAME = niestudio;
				TargetAttributes = {
					6CA30A1C191D9CE50043C59C = {
						TestTargetID = 6CA309F8191D9CE40043C59C;
					};
				};
			};
			buildConfigurationList = 6CA309F4191D9CE40043C59C /* Build configuration list for PBXProject "MyLocations" */;
			compatibilityVersion = "Xcode 3.2";
			developmentRegion = English;
			hasScannedForEncodings = 0;
			knownRegions = (
				en,
				Base,
			);
			mainGroup = 6CA309F0191D9CE40043C59C;
			productRefGroup = 6CA309FA191D9CE40043C59C /* Products */;
			projectDirPath = "";
			projectRoot = "";
			targets = (
				6CA309F8191D9CE40043C59C /* MyLocations */,
				6CA30A1C191D9CE50043C59C /* MyLocationsTests */,
			);
		};
/* End PBXProject section */

/* Begin PBXResourcesBuildPhase section */
		6CA309F7191D9CE40043C59C /* Resources */ = {
			isa = PBXResourcesBuildPhase;
			buildActionMask = 2147483647;
			files = (
				6CA30A18191D9CE50043C59C /* Images.xcassets in Resources */,
				6CA30A07191D9CE40043C59C /* InfoPlist.strings in Resources */,
				6CA30A10191D9CE40043C59C /* Main.storyboard in Resources */,
			);
			runOnlyForDeploymentPostprocessing = 0;
		};
		6CA30A1B191D9CE50043C59C /* Resources */ = {
			isa = PBXResourcesBuildPhase;
			buildActionMask = 2147483647;
			files = (
				6CA30A29191D9CE50043C59C /* InfoPlist.strings in Resources */,
			);
			runOnlyForDeploymentPostprocessing = 0;
		};
/* End PBXResourcesBuildPhase section */

/* Begin PBXSourcesBuildPhase section */
		6CA309F5191D9CE40043C59C /* Sources */ = {
			isa = PBXSourcesBuildPhase;
			buildActionMask = 2147483647;
			files = (
				6CA30A16191D9CE40043C59C /* SecondViewController.m in Sources */,
				6C78D41E192EC5C3000E1C8C /* DataModel.xcdatamodeld in Sources */,
				6CA30A0D191D9CE40043C59C /* AppDelegate.m in Sources */,
				6CA30A13191D9CE40043C59C /* CurrentLocationViewController.m in Sources */,
				6C78D421192ECA43000E1C8C /* Location.m in Sources */,
				6CA30A09191D9CE40043C59C /* main.m in Sources */,
				6C78D419192D5F82000E1C8C /* HudView.m in Sources */,
				6C88ACB21922EEA700D5B7F0 /* CategoryPickerViewController.m in Sources */,
				6C88ACAF192156A900D5B7F0 /* LocationDetailsViewController.m in Sources */,
			);
			runOnlyForDeploymentPostprocessing = 0;
		};
		6CA30A19191D9CE50043C59C /* Sources */ = {
			isa = PBXSourcesBuildPhase;
			buildActionMask = 2147483647;
			files = (
				6CA30A2B191D9CE50043C59C /* MyLocationsTests.m in Sources */,
			);
			runOnlyForDeploymentPostprocessing = 0;
		};
/* End PBXSourcesBuildPhase section */

/* Begin PBXTargetDependency section */
		6CA30A23191D9CE50043C59C /* PBXTargetDependency */ = {
			isa = PBXTargetDependency;
			target = 6CA309F8191D9CE40043C59C /* MyLocations */;
			targetProxy = 6CA30A22191D9CE50043C59C /* PBXContainerItemProxy */;
		};
/* End PBXTargetDependency section */

/* Begin PBXVariantGroup section */
		6CA30A05191D9CE40043C59C /* InfoPlist.strings */ = {
			isa = PBXVariantGroup;
			children = (
				6CA30A06191D9CE40043C59C /* en */,
			);
			name = InfoPlist.strings;
			sourceTree = "<group>";
		};
		6CA30A0E191D9CE40043C59C /* Main.storyboard */ = {
			isa = PBXVariantGroup;
			children = (
				6CA30A0F191D9CE40043C59C /* Base */,
			);
			name = Main.storyboard;
			sourceTree = "<group>";
		};
		6CA30A27191D9CE50043C59C /* InfoPlist.strings */ = {
			isa = PBXVariantGroup;
			children = (
				6CA30A28191D9CE50043C59C /* en */,
			);
			name = InfoPlist.strings;
			sourceTree = "<group>";
		};
/* End PBXVariantGroup section */

/* Begin XCBuildConfiguration section */
		6CA30A2C191D9CE50043C59C /* Debug */ = {
			isa = XCBuildConfiguration;
			buildSettings = {
				ALWAYS_SEARCH_USER_PATHS = NO;
				CLANG_CXX_LANGUAGE_STANDARD = "gnu++0x";
				CLANG_CXX_LIBRARY = "libc++";
				CLANG_ENABLE_MODULES = YES;
				CLANG_ENABLE_OBJC_ARC = YES;
				CLANG_WARN_BOOL_CONVERSION = YES;
				CLANG_WARN_CONSTANT_CONVERSION = YES;
				CLANG_WARN_DIRECT_OBJC_ISA_USAGE = YES_ERROR;
				CLANG_WARN_EMPTY_BODY = YES;
				CLANG_WARN_ENUM_CONVERSION = YES;
				CLANG_WARN_INT_CONVERSION = YES;
				CLANG_WARN_OBJC_ROOT_CLASS = YES_ERROR;
				CLANG_WARN__DUPLICATE_METHOD_MATCH = YES;
				"CODE_SIGN_IDENTITY[sdk=iphoneos*]" = "iPhone Developer";
				COPY_PHASE_STRIP = NO;
				GCC_C_LANGUAGE_STANDARD = gnu99;
				GCC_DYNAMIC_NO_PIC = NO;
				GCC_OPTIMIZATION_LEVEL = 0;
				GCC_PREPROCESSOR_DEFINITIONS = (
					"DEBUG=1",
					"$(inherited)",
				);
				GCC_SYMBOLS_PRIVATE_EXTERN = NO;
				GCC_WARN_64_TO_32_BIT_CONVERSION = YES;
				GCC_WARN_ABOUT_RETURN_TYPE = YES_ERROR;
				GCC_WARN_UNDECLARED_SELECTOR = YES;
				GCC_WARN_UNINITIALIZED_AUTOS = YES_AGGRESSIVE;
				GCC_WARN_UNUSED_FUNCTION = YES;
				GCC_WARN_UNUSED_VARIABLE = YES;
				IPHONEOS_DEPLOYMENT_TARGET = 7.1;
				ONLY_ACTIVE_ARCH = YES;
				SDKROOT = iphoneos;
			};
			name = Debug;
		};
		6CA30A2D191D9CE50043C59C /* Release */ = {
			isa = XCBuildConfiguration;
			buildSettings = {
				ALWAYS_SEARCH_USER_PATHS = NO;
				CLANG_CXX_LANGUAGE_STANDARD = "gnu++0x";
				CLANG_CXX_LIBRARY = "libc++";
				CLANG_ENABLE_MODULES = YES;
				CLANG_ENABLE_OBJC_ARC = YES;
				CLANG_WARN_BOOL_CONVERSION = YES;
				CLANG_WARN_CONSTANT_CONVERSION = YES;
				CLANG_WARN_DIRECT_OBJC_ISA_USAGE = YES_ERROR;
				CLANG_WARN_EMPTY_BODY = YES;
				CLANG_WARN_ENUM_CONVERSION = YES;
				CLANG_WARN_INT_CONVERSION = YES;
				CLANG_WARN_OBJC_ROOT_CLASS = YES_ERROR;
				CLANG_WARN__DUPLICATE_METHOD_MATCH = YES;
				"CODE_SIGN_IDENTITY[sdk=iphoneos*]" = "iPhone Developer";
				COPY_PHASE_STRIP = YES;
				ENABLE_NS_ASSERTIONS = NO;
				GCC_C_LANGUAGE_STANDARD = gnu99;
				GCC_WARN_64_TO_32_BIT_CONVERSION = YES;
				GCC_WARN_ABOUT_RETURN_TYPE = YES_ERROR;
				GCC_WARN_UNDECLARED_SELECTOR = YES;
				GCC_WARN_UNINITIALIZED_AUTOS = YES_AGGRESSIVE;
				GCC_WARN_UNUSED_FUNCTION = YES;
				GCC_WARN_UNUSED_VARIABLE = YES;
				IPHONEOS_DEPLOYMENT_TARGET = 7.1;
				SDKROOT = iphoneos;
				VALIDATE_PRODUCT = YES;
			};
			name = Release;
		};
		6CA30A2F191D9CE50043C59C /* Debug */ = {
			isa = XCBuildConfiguration;
			buildSettings = {
				ASSETCATALOG_COMPILER_APPICON_NAME = AppIcon;
				ASSETCATALOG_COMPILER_LAUNCHIMAGE_NAME = LaunchImage;
				GCC_PRECOMPILE_PREFIX_HEADER = YES;
				GCC_PREFIX_HEADER = "MyLocations/MyLocations-Prefix.pch";
				INFOPLIST_FILE = "MyLocations/MyLocations-Info.plist";
				PRODUCT_NAME = "$(TARGET_NAME)";
				WRAPPER_EXTENSION = app;
			};
			name = Debug;
		};
		6CA30A30191D9CE50043C59C /* Release */ = {
			isa = XCBuildConfiguration;
			buildSettings = {
				ASSETCATALOG_COMPILER_APPICON_NAME = AppIcon;
				ASSETCATALOG_COMPILER_LAUNCHIMAGE_NAME = LaunchImage;
				GCC_PRECOMPILE_PREFIX_HEADER = YES;
				GCC_PREFIX_HEADER = "MyLocations/MyLocations-Prefix.pch";
				INFOPLIST_FILE = "MyLocations/MyLocations-Info.plist";
				PRODUCT_NAME = "$(TARGET_NAME)";
				WRAPPER_EXTENSION = app;
			};
			name = Release;
		};
		6CA30A32191D9CE50043C59C /* Debug */ = {
			isa = XCBuildConfiguration;
			buildSettings = {
				BUNDLE_LOADER = "$(BUILT_PRODUCTS_DIR)/MyLocations.app/MyLocations";
				FRAMEWORK_SEARCH_PATHS = (
					"$(SDKROOT)/Developer/Library/Frameworks",
					"$(inherited)",
					"$(DEVELOPER_FRAMEWORKS_DIR)",
				);
				GCC_PRECOMPILE_PREFIX_HEADER = YES;
				GCC_PREFIX_HEADER = "MyLocations/MyLocations-Prefix.pch";
				GCC_PREPROCESSOR_DEFINITIONS = (
					"DEBUG=1",
					"$(inherited)",
				);
				INFOPLIST_FILE = "MyLocationsTests/MyLocationsTests-Info.plist";
				PRODUCT_NAME = "$(TARGET_NAME)";
				TEST_HOST = "$(BUNDLE_LOADER)";
				WRAPPER_EXTENSION = xctest;
			};
			name = Debug;
		};
		6CA30A33191D9CE50043C59C /* Release */ = {
			isa = XCBuildConfiguration;
			buildSettings = {
				BUNDLE_LOADER = "$(BUILT_PRODUCTS_DIR)/MyLocations.app/MyLocations";
				FRAMEWORK_SEARCH_PATHS = (
					"$(SDKROOT)/Developer/Library/Frameworks",
					"$(inherited)",
					"$(DEVELOPER_FRAMEWORKS_DIR)",
				);
				GCC_PRECOMPILE_PREFIX_HEADER = YES;
				GCC_PREFIX_HEADER = "MyLocations/MyLocations-Prefix.pch";
				INFOPLIST_FILE = "MyLocationsTests/MyLocationsTests-Info.plist";
				PRODUCT_NAME = "$(TARGET_NAME)";
				TEST_HOST = "$(BUNDLE_LOADER)";
				WRAPPER_EXTENSION = xctest;
			};
			name = Release;
		};
/* End XCBuildConfiguration section */

/* Begin XCConfigurationList section */
		6CA309F4191D9CE40043C59C /* Build configuration list for PBXProject "MyLocations" */ = {
			isa = XCConfigurationList;
			buildConfigurations = (
				6CA30A2C191D9CE50043C59C /* Debug */,
				6CA30A2D191D9CE50043C59C /* Release */,
			);
			defaultConfigurationIsVisible = 0;
			defaultConfigurationName = Release;
		};
		6CA30A2E191D9CE50043C59C /* Build configuration list for PBXNativeTarget "MyLocations" */ = {
			isa = XCConfigurationList;
			buildConfigurations = (
				6CA30A2F191D9CE50043C59C /* Debug */,
				6CA30A30191D9CE50043C59C /* Release */,
			);
			defaultConfigurationIsVisible = 0;
			defaultConfigurationName = Release;
		};
		6CA30A31191D9CE50043C59C /* Build configuration list for PBXNativeTarget "MyLocationsTests" */ = {
			isa = XCConfigurationList;
			buildConfigurations = (
				6CA30A32191D9CE50043C59C /* Debug */,
				6CA30A33191D9CE50043C59C /* Release */,
			);
			defaultConfigurationIsVisible = 0;
			defaultConfigurationName = Release;
		};
/* End XCConfigurationList section */

/* Begin XCVersionGroup section */
		6C78D41C192EC5C3000E1C8C /* DataModel.xcdatamodeld */ = {
			isa = XCVersionGroup;
			children = (
				6C78D41D192EC5C3000E1C8C /* DataModel.xcdatamodel */,
			);
			currentVersion = 6C78D41D192EC5C3000E1C8C /* DataModel.xcdatamodel */;
			path = DataModel.xcdatamodeld;
			sourceTree = "<group>";
			versionGroupType = wrapper.xcdatamodel;
		};
/* End XCVersionGroup section */
	};
	rootObject = 6CA309F1191D9CE40043C59C /* Project object */;
}
